# This file is autogenerated, do not edit; changes may be undone by the next 'dep ensure'.


[[projects]]
  name = "github.com/google/uuid"
  packages = ["."]
  revision = "064e2069ce9c359c118179501254f67d7d37ba24"
  version = "0.2"

[[projects]]
  branch = "master"
  name = "github.com/maurofran/kit"
  packages = ["assert"]
  revision = "b6d701ec0d72656a35f5da9f33fea09974b775f0"

[[projects]]
  name = "github.com/pkg/errors"
  packages = ["."]
  revision = "645ef00459ed84a119197bfb8d8205042c6df63d"
  version = "v0.8.0"

[[projects]]
  branch = "master"
  name = "golang.org/x/crypto"
  packages = [
    "bcrypt",
    "blowfish"
  ]
  revision = "49796115aa4b964c318aad4f3084fdb41e9aa067"

[[projects]]
  branch = "v2"
  name = "gopkg.in/mgo.v2"
  packages = [
    ".",
    "bson",
    "internal/json",
    "internal/sasl",
    "internal/scram"
  ]
  revision = "3f83fa5005286a7fe593b055f0d7771a7dce4655"

[[projects]]
  name = "upper.io/db.v3"
  packages = [
    ".",
    "internal/immutable",
    "mongo"
  ]
  revision = "bba00b389f7e9cfdd8988e08c2832ab39119d7cf"
  version = "v3.5.2"

[solve-meta]
  analyzer-name = "dep"
  analyzer-version = 1
  inputs-digest = "a084402e5f9a429ce8738e8b3edcb006483837f3d862af546f6705efd0adeafc"
  solver-name = "gps-cdcl"
  solver-version = 1
