# This file is autogenerated, do not edit; changes may be undone by the next 'dep ensure'.


[[projects]]
  name = "github.com/google/uuid"
  packages = ["."]
  revision = "064e2069ce9c359c118179501254f67d7d37ba24"
  version = "0.2"

[[projects]]
  branch = "master"
  name = "github.com/maurofran/kit"
  packages = [
    "assert",
    "domain"
  ]
  revision = "b6d701ec0d72656a35f5da9f33fea09974b775f0"

[[projects]]
  name = "github.com/pkg/errors"
  packages = ["."]
  revision = "645ef00459ed84a119197bfb8d8205042c6df63d"
  version = "v0.8.0"

[[projects]]
  branch = "v2"
  name = "gopkg.in/mgo.v2"
  packages = [
    ".",
    "bson",
    "internal/json",
    "internal/sasl",
    "internal/scram"
  ]
  revision = "3f83fa5005286a7fe593b055f0d7771a7dce4655"

[[projects]]
  name = "upper.io/db.v3"
  packages = [
    ".",
    "internal/immutable"
  ]
  revision = "7c550bc7b8b2915197ae407336e1fe2a6504222d"
  version = "v3.5.1"

[solve-meta]
  analyzer-name = "dep"
  analyzer-version = 1
  inputs-digest = "6f681aebbae87b7025f3f2a6cc1a2bfd94ac6b11041bb68bbeecc69f4126daa0"
  solver-name = "gps-cdcl"
  solver-version = 1
